<?xml version="1.0" encoding="utf-8"?>
<Project ToolsVersion="4.0" xmlns="http://schemas.microsoft.com/developer/msbuild/2003">
  <ItemGroup>
    <Filter Include="Source Files">
      <UniqueIdentifier>{4FC737F1-C7A5-4376-A066-2A32D752A2FF}</UniqueIdentifier>
      <Extensions>cpp;c;cc;cxx;def;odl;idl;hpj;bat;asm;asmx</Extensions>
    </Filter>
    <Filter Include="Header Files">
      <UniqueIdentifier>{93995380-89BD-4b04-88EB-625FBE52EBFB}</UniqueIdentifier>
      <Extensions>h;hh;hpp;hxx;hm;inl;inc;xsd</Extensions>
    </Filter>
    <Filter Include="Resource Files">
      <UniqueIdentifier>{67DA6AB6-F800-4c08-8B7A-83BB121AAD01}</UniqueIdentifier>
      <Extensions>rc;ico;cur;bmp;dlg;rc2;rct;bin;rgs;gif;jpg;jpeg;jpe;resx;tiff;tif;png;wav;mfcribbon-ms</Extensions>
    </Filter>
    <Filter Include="Header Files\property">
      <UniqueIdentifier>{d48a43c2-0d0b-401d-bf65-7e52d9aac5e1}</UniqueIdentifier>
    </Filter>
  </ItemGroup>
  <ItemGroup>
    <ClInclude Include="include\sharedutils\callback_handler.h">
      <Filter>Header Files</Filter>
    </ClInclude>
    <ClInclude Include="include\sharedutils\callback_handler_impl.h">
      <Filter>Header Files</Filter>
    </ClInclude>
    <ClInclude Include="include\sharedutils\chronotime.h">
      <Filter>Header Files</Filter>
    </ClInclude>
    <ClInclude Include="include\sharedutils\chronoutil.h">
      <Filter>Header Files</Filter>
    </ClInclude>
    <ClInclude Include="include\sharedutils\datastream.h">
      <Filter>Header Files</Filter>
    </ClInclude>
    <ClInclude Include="include\sharedutils\def_handle.h">
      <Filter>Header Files</Filter>
    </ClInclude>
    <ClInclude Include="include\sharedutils\eventmessage.h">
      <Filter>Header Files</Filter>
    </ClInclude>
    <ClInclude Include="include\sharedutils\functioncallback.h">
      <Filter>Header Files</Filter>
    </ClInclude>
    <ClInclude Include="include\sharedutils\scope_guard.h">
      <Filter>Header Files</Filter>
    </ClInclude>
    <ClInclude Include="include\sharedutils\unifiedptr.h">
      <Filter>Header Files</Filter>
    </ClInclude>
    <ClInclude Include="include\sharedutils\util.h">
      <Filter>Header Files</Filter>
    </ClInclude>
    <ClInclude Include="include\sharedutils\util_case_insensitive_hash.hpp">
      <Filter>Header Files</Filter>
    </ClInclude>
    <ClInclude Include="include\sharedutils\util_date.hpp">
      <Filter>Header Files</Filter>
    </ClInclude>
    <ClInclude Include="include\sharedutils\util_debug.h">
      <Filter>Header Files</Filter>
    </ClInclude>
    <ClInclude Include="include\sharedutils\util_disarmable_deleter.hpp">
      <Filter>Header Files</Filter>
    </ClInclude>
    <ClInclude Include="include\sharedutils\util_enum.h">
      <Filter>Header Files</Filter>
    </ClInclude>
    <ClInclude Include="include\sharedutils\util_enum_register.hpp">
      <Filter>Header Files</Filter>
    </ClInclude>
    <ClInclude Include="include\sharedutils\util_extensible_enum.hpp">
      <Filter>Header Files</Filter>
    </ClInclude>
    <ClInclude Include="include\sharedutils\util_file.h">
      <Filter>Header Files</Filter>
    </ClInclude>
    <ClInclude Include="include\sharedutils\util_hashable.hpp">
      <Filter>Header Files</Filter>
    </ClInclude>
    <ClInclude Include="include\sharedutils\util_library.hpp">
      <Filter>Header Files</Filter>
    </ClInclude>
    <ClInclude Include="include\sharedutils\util_link.hpp">
      <Filter>Header Files</Filter>
    </ClInclude>
    <ClInclude Include="include\sharedutils\util_markup_file.hpp">
      <Filter>Header Files</Filter>
    </ClInclude>
    <ClInclude Include="include\sharedutils\util_null_ref.hpp">
      <Filter>Header Files</Filter>
    </ClInclude>
    <ClInclude Include="include\sharedutils\util_overridable.hpp">
      <Filter>Header Files</Filter>
    </ClInclude>
    <ClInclude Include="include\sharedutils\util_string.h">
      <Filter>Header Files</Filter>
    </ClInclude>
    <ClInclude Include="include\sharedutils\util_version.h">
      <Filter>Header Files</Filter>
    </ClInclude>
    <ClInclude Include="include\sharedutils\util_virtual_shared_from_this.hpp">
      <Filter>Header Files</Filter>
    </ClInclude>
    <ClInclude Include="include\sharedutils\util_weak_handle.hpp">
      <Filter>Header Files</Filter>
    </ClInclude>
    <ClInclude Include="include\sharedutils\utildefinitions.h">
      <Filter>Header Files</Filter>
    </ClInclude>
    <ClInclude Include="include\sharedutils\property\util_property.hpp">
      <Filter>Header Files\property</Filter>
    </ClInclude>
    <ClInclude Include="include\sharedutils\property\util_property_color.hpp">
      <Filter>Header Files\property</Filter>
    </ClInclude>
    <ClInclude Include="include\sharedutils\property\util_property_euler_angles.hpp">
      <Filter>Header Files\property</Filter>
    </ClInclude>
    <ClInclude Include="include\sharedutils\property\util_property_matrix.hpp">
      <Filter>Header Files\property</Filter>
    </ClInclude>
    <ClInclude Include="include\sharedutils\property\util_property_quat.hpp">
      <Filter>Header Files\property</Filter>
    </ClInclude>
    <ClInclude Include="include\sharedutils\property\util_property_vector.h">
      <Filter>Header Files\property</Filter>
    </ClInclude>
    <ClInclude Include="include\sharedutils\util_command_manager.hpp">
      <Filter>Header Files</Filter>
    </ClInclude>
    <ClInclude Include="include\sharedutils\impl\impl_util_number_property.hpp">
      <Filter>Header Files\property</Filter>
    </ClInclude>
    <ClInclude Include="include\sharedutils\impl\impl_util_string_property.hpp">
      <Filter>Header Files\property</Filter>
    </ClInclude>
    <ClInclude Include="include\sharedutils\util_cpu_profiler.hpp">
      <Filter>Header Files</Filter>
    </ClInclude>
  </ItemGroup>
  <ItemGroup>
    <ClCompile Include="src\callback_handler.cpp">
      <Filter>Source Files</Filter>
    </ClCompile>
    <ClCompile Include="src\chronotime.cpp">
      <Filter>Source Files</Filter>
    </ClCompile>
    <ClCompile Include="src\datastream.cpp">
      <Filter>Source Files</Filter>
    </ClCompile>
    <ClCompile Include="src\eventmessage.cpp">
      <Filter>Source Files</Filter>
    </ClCompile>
    <ClCompile Include="src\functioncallback.cpp">
      <Filter>Source Files</Filter>
    </ClCompile>
    <ClCompile Include="src\scope_guard.cpp">
      <Filter>Source Files</Filter>
    </ClCompile>
    <ClCompile Include="src\unifiedptr.cpp">
      <Filter>Source Files</Filter>
    </ClCompile>
    <ClCompile Include="src\util.cpp">
      <Filter>Source Files</Filter>
    </ClCompile>
    <ClCompile Include="src\util_case_insensitive_hash.cpp">
      <Filter>Source Files</Filter>
    </ClCompile>
    <ClCompile Include="src\util_date.cpp">
      <Filter>Source Files</Filter>
    </ClCompile>
    <ClCompile Include="src\util_debug.cpp">
      <Filter>Source Files</Filter>
    </ClCompile>
    <ClCompile Include="src\util_enum_register.cpp">
      <Filter>Source Files</Filter>
    </ClCompile>
    <ClCompile Include="src\util_extensible_enum.cpp">
      <Filter>Source Files</Filter>
    </ClCompile>
    <ClCompile Include="src\util_file.cpp">
      <Filter>Source Files</Filter>
    </ClCompile>
    <ClCompile Include="src\util_library.cpp">
      <Filter>Source Files</Filter>
    </ClCompile>
    <ClCompile Include="src\util_link.cpp">
      <Filter>Source Files</Filter>
    </ClCompile>
    <ClCompile Include="src\util_markup_file.cpp">
      <Filter>Source Files</Filter>
    </ClCompile>
    <ClCompile Include="src\util_property.cpp">
      <Filter>Source Files</Filter>
    </ClCompile>
    <ClCompile Include="src\util_property_color.cpp">
      <Filter>Source Files</Filter>
    </ClCompile>
    <ClCompile Include="src\util_property_euler_angles.cpp">
      <Filter>Source Files</Filter>
    </ClCompile>
    <ClCompile Include="src\util_property_matrix.cpp">
      <Filter>Source Files</Filter>
    </ClCompile>
    <ClCompile Include="src\util_property_quat.cpp">
      <Filter>Source Files</Filter>
    </ClCompile>
    <ClCompile Include="src\util_property_vector.cpp">
      <Filter>Source Files</Filter>
    </ClCompile>
    <ClCompile Include="src\util_string.cpp">
      <Filter>Source Files</Filter>
    </ClCompile>
    <ClCompile Include="src\util_string_property.cpp">
      <Filter>Source Files</Filter>
    </ClCompile>
    <ClCompile Include="src\util_string_similarity.cpp">
      <Filter>Source Files</Filter>
    </ClCompile>
    <ClCompile Include="src\util_version.cpp">
      <Filter>Source Files</Filter>
    </ClCompile>
    <ClCompile Include="src\util_virtual_shared_from_this.cpp">
      <Filter>Source Files</Filter>
    </ClCompile>
    <ClCompile Include="src\util_command_manager.cpp">
      <Filter>Source Files</Filter>
    </ClCompile>
    <ClCompile Include="src\util_cpu_profiler.cpp">
      <Filter>Source Files</Filter>
    </ClCompile>
  </ItemGroup>
</Project>